// !$*UTF8*$!
{
	archiveVersion = 1;
	classes = {
	};
	objectVersion = 48;
	objects = {

/* Begin PBXBuildFile section */
		8AEB4B2F1FC0C70F00A11C50 /* AppDelegate.swift in Sources */ = {isa = PBXBuildFile; fileRef = 8AEB4B2E1FC0C70F00A11C50 /* AppDelegate.swift */; };
		8AEB4B311FC0C70F00A11C50 /* ViewController.swift in Sources */ = {isa = PBXBuildFile; fileRef = 8AEB4B301FC0C70F00A11C50 /* ViewController.swift */; };
		8AEB4B341FC0C70F00A11C50 /* Main.storyboard in Resources */ = {isa = PBXBuildFile; fileRef = 8AEB4B321FC0C70F00A11C50 /* Main.storyboard */; };
		8AEB4B361FC0C70F00A11C50 /* Assets.xcassets in Resources */ = {isa = PBXBuildFile; fileRef = 8AEB4B351FC0C70F00A11C50 /* Assets.xcassets */; };
		8AEB4B391FC0C70F00A11C50 /* LaunchScreen.storyboard in Resources */ = {isa = PBXBuildFile; fileRef = 8AEB4B371FC0C70F00A11C50 /* LaunchScreen.storyboard */; };
		8AEB4B411FC0C73900A11C50 /* SurveyQuestion.swift in Sources */ = {isa = PBXBuildFile; fileRef = 8AEB4B401FC0C73900A11C50 /* SurveyQuestion.swift */; };
		8AEB4B431FC0E86900A11C50 /* Survey.swift in Sources */ = {isa = PBXBuildFile; fileRef = 8AEB4B421FC0E86900A11C50 /* Survey.swift */; };
/* End PBXBuildFile section */

/* Begin PBXFileReference section */
		8AEB4B2B1FC0C70F00A11C50 /* SurveyExample.app */ = {isa = PBXFileReference; explicitFileType = wrapper.application; includeInIndex = 0; path = SurveyExample.app; sourceTree = BUILT_PRODUCTS_DIR; };
		8AEB4B2E1FC0C70F00A11C50 /* AppDelegate.swift */ = {isa = PBXFileReference; lastKnownFileType = sourcecode.swift; path = AppDelegate.swift; sourceTree = "<group>"; };
		8AEB4B301FC0C70F00A11C50 /* ViewController.swift */ = {isa = PBXFileReference; lastKnownFileType = sourcecode.swift; path = ViewController.swift; sourceTree = "<group>"; };
		8AEB4B331FC0C70F00A11C50 /* Base */ = {isa = PBXFileReference; lastKnownFileType = file.storyboard; name = Base; path = Base.lproj/Main.storyboard; sourceTree = "<group>"; };
		8AEB4B351FC0C70F00A11C50 /* Assets.xcassets */ = {isa = PBXFileReference; lastKnownFileType = folder.assetcatalog; path = Assets.xcassets; sourceTree = "<group>"; };
		8AEB4B381FC0C70F00A11C50 /* Base */ = {isa = PBXFileReference; lastKnownFileType = file.storyboard; name = Base; path = Base.lproj/LaunchScreen.storyboard; sourceTree = "<group>"; };
		8AEB4B3A1FC0C70F00A11C50 /* Info.plist */ = {isa = PBXFileReference; lastKnownFileType = text.plist.xml; path = Info.plist; sourceTree = "<group>"; };
		8AEB4B401FC0C73900A11C50 /* SurveyQuestion.swift */ = {isa = PBXFileReference; lastKnownFileType = sourcecode.swift; path = SurveyQuestion.swift; sourceTree = "<group>"; };
		8AEB4B421FC0E86900A11C50 /* Survey.swift */ = {isa = PBXFileReference; lastKnownFileType = sourcecode.swift; path = Survey.swift; sourceTree = "<group>"; };
/* End PBXFileReference section */

/* Begin PBXFrameworksBuildPhase section */
		8AEB4B281FC0C70F00A11C50 /* Frameworks */ = {
			isa = PBXFrameworksBuildPhase;
			buildActionMask = 2147483647;
			files = (
			);
			runOnlyForDeploymentPostprocessing = 0;
		};
/* End PBXFrameworksBuildPhase section */

/* Begin PBXGroup section */
		8AB0D74720DD5204002A2326 /* Survey */ = {
			isa = PBXGroup;
			children = (
				8AEB4B401FC0C73900A11C50 /* SurveyQuestion.swift */,
				8AEB4B421FC0E86900A11C50 /* Survey.swift */,
			);
			path = Survey;
			sourceTree = "<group>";
		};
		8AEB4B221FC0C70F00A11C50 = {
			isa = PBXGroup;
			children = (
				8AEB4B2D1FC0C70F00A11C50 /* SurveyExample */,
				8AEB4B2C1FC0C70F00A11C50 /* Products */,
			);
			sourceTree = "<group>";
		};
		8AEB4B2C1FC0C70F00A11C50 /* Products */ = {
			isa = PBXGroup;
			children = (
				8AEB4B2B1FC0C70F00A11C50 /* SurveyExample.app */,
			);
			name = Products;
			sourceTree = "<group>";
		};
		8AEB4B2D1FC0C70F00A11C50 /* SurveyExample */ = {
			isa = PBXGroup;
			children = (
				8AEB4B2E1FC0C70F00A11C50 /* AppDelegate.swift */,
				8AEB4B301FC0C70F00A11C50 /* ViewController.swift */,
				8AEB4B321FC0C70F00A11C50 /* Main.storyboard */,
				8AB0D74720DD5204002A2326 /* Survey */,
				8AEB4B351FC0C70F00A11C50 /* Assets.xcassets */,
				8AEB4B371FC0C70F00A11C50 /* LaunchScreen.storyboard */,
				8AEB4B3A1FC0C70F00A11C50 /* Info.plist */,
			);
			path = SurveyExample;
			sourceTree = "<group>";
		};
/* End PBXGroup section */

/* Begin PBXNativeTarget section */
		8AEB4B2A1FC0C70F00A11C50 /* SurveyExample */ = {
			isa = PBXNativeTarget;
			buildConfigurationList = 8AEB4B3D1FC0C70F00A11C50 /* Build configuration list for PBXNativeTarget "SurveyExample" */;
			buildPhases = (
				8AEB4B271FC0C70F00A11C50 /* Sources */,
				8AEB4B281FC0C70F00A11C50 /* Frameworks */,
				8AEB4B291FC0C70F00A11C50 /* Resources */,
			);
			buildRules = (
			);
			dependencies = (
			);
			name = SurveyExample;
			productName = SurveyExample;
			productReference = 8AEB4B2B1FC0C70F00A11C50 /* SurveyExample.app */;
			productType = "com.apple.product-type.application";
		};
/* End PBXNativeTarget section */

/* Begin PBXProject section */
		8AEB4B231FC0C70F00A11C50 /* Project object */ = {
			isa = PBXProject;
			attributes = {
				LastSwiftUpdateCheck = 0910;
				LastUpgradeCheck = 0940;
				ORGANIZATIONNAME = "Matt Hurley";
				TargetAttributes = {
					8AEB4B2A1FC0C70F00A11C50 = {
						CreatedOnToolsVersion = 9.1;
						ProvisioningStyle = Automatic;
					};
				};
			};
			buildConfigurationList = 8AEB4B261FC0C70F00A11C50 /* Build configuration list for PBXProject "SurveyExample" */;
			compatibilityVersion = "Xcode 8.0";
			developmentRegion = en;
			hasScannedForEncodings = 0;
			knownRegions = (
				en,
				Base,
			);
			mainGroup = 8AEB4B221FC0C70F00A11C50;
			productRefGroup = 8AEB4B2C1FC0C70F00A11C50 /* Products */;
			projectDirPath = "";
			projectRoot = "";
			targets = (
				8AEB4B2A1FC0C70F00A11C50 /* SurveyExample */,
			);
		};
/* End PBXProject section */

/* Begin PBXResourcesBuildPhase section */
		8AEB4B291FC0C70F00A11C50 /* Resources */ = {
			isa = PBXResourcesBuildPhase;
			buildActionMask = 2147483647;
			files = (
				8AEB4B391FC0C70F00A11C50 /* LaunchScreen.storyboard in Resources */,
				8AEB4B361FC0C70F00A11C50 /* Assets.xcassets in Resources */,
				8AEB4B341FC0C70F00A11C50 /* Main.storyboard in Resources */,
			);
			runOnlyForDeploymentPostprocessing = 0;
		};
/* End PBXResourcesBuildPhase section */

/* Begin PBXSourcesBuildPhase section */
		8AEB4B271FC0C70F00A11C50 /* Sources */ = {
			isa = PBXSourcesBuildPhase;
			buildActionMask = 2147483647;
			files = (
				8AEB4B311FC0C70F00A11C50 /* ViewController.swift in Sources */,
				8AEB4B431FC0E86900A11C50 /* Survey.swift in Sources */,
				8AEB4B411FC0C73900A11C50 /* SurveyQuestion.swift in Sources */,
				8AEB4B2F1FC0C70F00A11C50 /* AppDelegate.swift in Sources */,
			);
			runOnlyForDeploymentPostprocessing = 0;
		};
/* End PBXSourcesBuildPhase section */

/* Begin PBXVariantGroup section */
		8AEB4B321FC0C70F00A11C50 /* Main.storyboard */ = {
			isa = PBXVariantGroup;
			children = (
				8AEB4B331FC0C70F00A11C50 /* Base */,
			);
			name = Main.storyboard;
			sourceTree = "<group>";
		};
		8AEB4B371FC0C70F00A11C50 /* LaunchScreen.storyboard */ = {
			isa = PBXVariantGroup;
			children = (
				8AEB4B381FC0C70F00A11C50 /* Base */,
			);
			name = LaunchScreen.storyboard;
			sourceTree = "<group>";
		};
/* End PBXVariantGroup section */

/* Begin XCBuildConfiguration section */
		8AEB4B3B1FC0C70F00A11C50 /* Debug */ = {
			isa = XCBuildConfiguration;
			buildSettings = {
				ALWAYS_SEARCH_USER_PATHS = NO;
				CLANG_ANALYZER_NONNULL = YES;
				CLANG_ANALYZER_NUMBER_OBJECT_CONVERSION = YES_AGGRESSIVE;
				CLANG_CXX_LANGUAGE_STANDARD = "gnu++14";
				CLANG_CXX_LIBRARY = "libc++";
				CLANG_ENABLE_MODULES = YES;
				CLANG_ENABLE_OBJC_ARC = YES;
				CLANG_WARN_BLOCK_CAPTURE_AUTORELEASING = YES;
				CLANG_WARN_BOOL_CONVERSION = YES;
				CLANG_WARN_COMMA = YES;
				CLANG_WARN_CONSTANT_CONVERSION = YES;
				CLANG_WARN_DEPRECATED_OBJC_IMPLEMENTATIONS = YES;
				CLANG_WARN_DIRECT_OBJC_ISA_USAGE = YES_ERROR;
				CLANG_WARN_DOCUMENTATION_COMMENTS = YES;
				CLANG_WARN_EMPTY_BODY = YES;
				CLANG_WARN_ENUM_CONVERSION = YES;
				CLANG_WARN_INFINITE_RECURSION = YES;
				CLANG_WARN_INT_CONVERSION = YES;
				CLANG_WARN_NON_LITERAL_NULL_CONVERSION = YES;
				CLANG_WARN_OBJC_IMPLICIT_RETAIN_SELF = YES;
				CLANG_WARN_OBJC_LITERAL_CONVERSION = YES;
				CLANG_WARN_OBJC_ROOT_CLASS = YES_ERROR;
				CLANG_WARN_RANGE_LOOP_ANALYSIS = YES;
				CLANG_WARN_STRICT_PROTOTYPES = YES;
				CLANG_WARN_SUSPICIOUS_MOVE = YES;
				CLANG_WARN_UNGUARDED_AVAILABILITY = YES_AGGRESSIVE;
				CLANG_WARN_UNREACHABLE_CODE = YES;
				CLANG_WARN__DUPLICATE_METHOD_MATCH = YES;
				CODE_SIGN_IDENTITY = "iPhone Developer";
				COPY_PHASE_STRIP = NO;
				DEBUG_INFORMATION_FORMAT = dwarf;
				ENABLE_STRICT_OBJC_MSGSEND = YES;
				ENABLE_TESTABILITY = YES;
				GCC_C_LANGUAGE_STANDARD = gnu11;
				GCC_DYNAMIC_NO_PIC = NO;
				GCC_NO_COMMON_BLOCKS = YES;
				GCC_OPTIMIZATION_LEVEL = 0;
				GCC_PREPROCESSOR_DEFINITIONS = (
					"DEBUG=1",
					"$(inherited)",
				);
				GCC_WARN_64_TO_32_BIT_CONVERSION = YES;
				GCC_WARN_ABOUT_RETURN_TYPE = YES_ERROR;
				GCC_WARN_UNDECLARED_SELECTOR = YES;
				GCC_WARN_UNINITIALIZED_AUTOS = YES_AGGRESSIVE;
				GCC_WARN_UNUSED_FUNCTION = YES;
				GCC_WARN_UNUSED_VARIABLE = YES;
				IPHONEOS_DEPLOYMENT_TARGET = 11.1;
				MTL_ENABLE_DEBUG_INFO = YES;
				ONLY_ACTIVE_ARCH = YES;
				SDKROOT = iphoneos;
				SWIFT_ACTIVE_COMPILATION_CONDITIONS = DEBUG;
				SWIFT_OPTIMIZATION_LEVEL = "-Onone";
			};
			name = Debug;
		};
		8AEB4B3C1FC0C70F00A11C50 /* Release */ = {
			isa = XCBuildConfiguration;
			buildSettings = {
				ALWAYS_SEARCH_USER_PATHS = NO;
				CLANG_ANALYZER_NONNULL = YES;
				CLANG_ANALYZER_NUMBER_OBJECT_CONVERSION = YES_AGGRESSIVE;
				CLANG_CXX_LANGUAGE_STANDARD = "gnu++14";
				CLANG_CXX_LIBRARY = "libc++";
				CLANG_ENABLE_MODULES = YES;
				CLANG_ENABLE_OBJC_ARC = YES;
				CLANG_WARN_BLOCK_CAPTURE_AUTORELEASING = YES;
				CLANG_WARN_BOOL_CONVERSION = YES;
				CLANG_WARN_COMMA = YES;
				CLANG_WARN_CONSTANT_CONVERSION = YES;
				CLANG_WARN_DEPRECATED_OBJC_IMPLEMENTATIONS = YES;
				CLANG_WARN_DIRECT_OBJC_ISA_USAGE = YES_ERROR;
				CLANG_WARN_DOCUMENTATION_COMMENTS = YES;
				CLANG_WARN_EMPTY_BODY = YES;
				CLANG_WARN_ENUM_CONVERSION = YES;
				CLANG_WARN_INFINITE_RECURSION = YES;
				CLANG_WARN_INT_CONVERSION = YES;
				CLANG_WARN_NON_LITERAL_NULL_CONVERSION = YES;
				CLANG_WARN_OBJC_IMPLICIT_RETAIN_SELF = YES;
				CLANG_WARN_OBJC_LITERAL_CONVERSION = YES;
				CLANG_WARN_OBJC_ROOT_CLASS = YES_ERROR;
				CLANG_WARN_RANGE_LOOP_ANALYSIS = YES;
				CLANG_WARN_STRICT_PROTOTYPES = YES;
				CLANG_WARN_SUSPICIOUS_MOVE = YES;
				CLANG_WARN_UNGUARDED_AVAILABILITY = YES_AGGRESSIVE;
				CLANG_WARN_UNREACHABLE_CODE = YES;
				CLANG_WARN__DUPLICATE_METHOD_MATCH = YES;
				CODE_SIGN_IDENTITY = "iPhone Developer";
				COPY_PHASE_STRIP = NO;
				DEBUG_INFORMATION_FORMAT = "dwarf-with-dsym";
				ENABLE_NS_ASSERTIONS = NO;
				ENABLE_STRICT_OBJC_MSGSEND = YES;
				GCC_C_LANGUAGE_STANDARD = gnu11;
				GCC_NO_COMMON_BLOCKS = YES;
				GCC_WARN_64_TO_32_BIT_CONVERSION = YES;
				GCC_WARN_ABOUT_RETURN_TYPE = YES_ERROR;
				GCC_WARN_UNDECLARED_SELECTOR = YES;
				GCC_WARN_UNINITIALIZED_AUTOS = YES_AGGRESSIVE;
				GCC_WARN_UNUSED_FUNCTION = YES;
				GCC_WARN_UNUSED_VARIABLE = YES;
				IPHONEOS_DEPLOYMENT_TARGET = 11.1;
				MTL_ENABLE_DEBUG_INFO = NO;
				SDKROOT = iphoneos;
				SWIFT_OPTIMIZATION_LEVEL = "-Owholemodule";
				VALIDATE_PRODUCT = YES;
			};
			name = Release;
		};
		8AEB4B3E1FC0C70F00A11C50 /* Debug */ = {
			isa = XCBuildConfiguration;
			buildSettings = {
				ASSETCATALOG_COMPILER_APPICON_NAME = AppIcon;
				CODE_SIGN_STYLE = Automatic;
				DEVELOPMENT_TEAM = "";
				INFOPLIST_FILE = SurveyExample/Info.plist;
				LD_RUNPATH_SEARCH_PATHS = "$(inherited) @executable_path/Frameworks";
				PRODUCT_BUNDLE_IDENTIFIER = com.example.SurveyExample;
				PRODUCT_NAME = "$(TARGET_NAME)";
				SWIFT_VERSION = 4.0;
				TARGETED_DEVICE_FAMILY = "1,2";
			};
			name = Debug;
		};
		8AEB4B3F1FC0C70F00A11C50 /* Release */ = {
			isa = XCBuildConfiguration;
			buildSettings = {
				ASSETCATALOG_COMPILER_APPICON_NAME = AppIcon;
				CODE_SIGN_STYLE = Automatic;
				DEVELOPMENT_TEAM = "";
				INFOPLIST_FILE = SurveyExample/Info.plist;
				LD_RUNPATH_SEARCH_PATHS = "$(inherited) @executable_path/Frameworks";
				PRODUCT_BUNDLE_IDENTIFIER = com.example.SurveyExample;
				PRODUCT_NAME = "$(TARGET_NAME)";
				SWIFT_VERSION = 4.0;
				TARGETED_DEVICE_FAMILY = "1,2";
			};
			name = Release;
		};
/* End XCBuildConfiguration section */

/* Begin XCConfigurationList section */
		8AEB4B261FC0C70F00A11C50 /* Build configuration list for PBXProject "SurveyExample" */ = {
			isa = XCConfigurationList;
			buildConfigurations = (
				8AEB4B3B1FC0C70F00A11C50 /* Debug */,
				8AEB4B3C1FC0C70F00A11C50 /* Release */,
			);
			defaultConfigurationIsVisible = 0;
			defaultConfigurationName = Release;
		};
		8AEB4B3D1FC0C70F00A11C50 /* Build configuration list for PBXNativeTarget "SurveyExample" */ = {
			isa = XCConfigurationList;
			buildConfigurations = (
				8AEB4B3E1FC0C70F00A11C50 /* Debug */,
				8AEB4B3F1FC0C70F00A11C50 /* Release */,
			);
			defaultConfigurationIsVisible = 0;
			defaultConfigurationName = Release;
		};
/* End XCConfigurationList section */
	};
	rootObject = 8AEB4B231FC0C70F00A11C50 /* Project object */;
}
